// !$*UTF8*$!
{
	archiveVersion = 1;
	classes = {
	};
	objectVersion = 46;
	objects = {

/* Begin PBXBuildFile section */
		2701FCA21CF23F0700885A25 /* planets.json in Resources */ = {isa = PBXBuildFile; fileRef = 2701FCA11CF23F0700885A25 /* planets.json */; };
		2701FCA41CF252B100885A25 /* FileManager.swift in Sources */ = {isa = PBXBuildFile; fileRef = 2701FCA31CF252B100885A25 /* FileManager.swift */; };
		276754571CE9080C002C4BC7 /* FavoritePlanetCell.swift in Sources */ = {isa = PBXBuildFile; fileRef = 276754561CE9080C002C4BC7 /* FavoritePlanetCell.swift */; };
		276754591CE90835002C4BC7 /* PlanetCell.swift in Sources */ = {isa = PBXBuildFile; fileRef = 276754581CE90835002C4BC7 /* PlanetCell.swift */; };
		2767545B1CE90881002C4BC7 /* PlanetCellType.swift in Sources */ = {isa = PBXBuildFile; fileRef = 2767545A1CE90881002C4BC7 /* PlanetCellType.swift */; };
		2767545D1CE90F1B002C4BC7 /* DetailViewController.swift in Sources */ = {isa = PBXBuildFile; fileRef = 2767545C1CE90F1B002C4BC7 /* DetailViewController.swift */; };
		279564B11D0493D000953FBF /* datastore.xcdatamodeld in Sources */ = {isa = PBXBuildFile; fileRef = 279564AF1D0493D000953FBF /* datastore.xcdatamodeld */; };
		279564F81D049DC900953FBF /* PlanetEntity+CoreDataProperties.swift in Sources */ = {isa = PBXBuildFile; fileRef = 279564F61D049DC900953FBF /* PlanetEntity+CoreDataProperties.swift */; };
		279564F91D049DC900953FBF /* PlanetEntity.swift in Sources */ = {isa = PBXBuildFile; fileRef = 279564F71D049DC900953FBF /* PlanetEntity.swift */; };
		27BE5F691CCF97BE008EB95E /* AppDelegate.swift in Sources */ = {isa = PBXBuildFile; fileRef = 27BE5F681CCF97BE008EB95E /* AppDelegate.swift */; };
		27BE5F6B1CCF97BE008EB95E /* ViewController.swift in Sources */ = {isa = PBXBuildFile; fileRef = 27BE5F6A1CCF97BE008EB95E /* ViewController.swift */; };
		27BE5F6E1CCF97BE008EB95E /* Main.storyboard in Resources */ = {isa = PBXBuildFile; fileRef = 27BE5F6C1CCF97BE008EB95E /* Main.storyboard */; };
		27BE5F701CCF97BE008EB95E /* Assets.xcassets in Resources */ = {isa = PBXBuildFile; fileRef = 27BE5F6F1CCF97BE008EB95E /* Assets.xcassets */; };
		27BE5F731CCF97BE008EB95E /* LaunchScreen.storyboard in Resources */ = {isa = PBXBuildFile; fileRef = 27BE5F711CCF97BE008EB95E /* LaunchScreen.storyboard */; };
		7663E1535654E8278B094722 /* Pods_Planets.framework in Frameworks */ = {isa = PBXBuildFile; fileRef = BE652AF42932F0E26F88BB8E /* Pods_Planets.framework */; };
/* End PBXBuildFile section */

/* Begin PBXFileReference section */
		2701FCA11CF23F0700885A25 /* planets.json */ = {isa = PBXFileReference; fileEncoding = 4; lastKnownFileType = text.json; path = planets.json; sourceTree = "<group>"; };
		2701FCA31CF252B100885A25 /* FileManager.swift */ = {isa = PBXFileReference; fileEncoding = 4; lastKnownFileType = sourcecode.swift; path = FileManager.swift; sourceTree = "<group>"; };
		276754561CE9080C002C4BC7 /* FavoritePlanetCell.swift */ = {isa = PBXFileReference; fileEncoding = 4; lastKnownFileType = sourcecode.swift; path = FavoritePlanetCell.swift; sourceTree = "<group>"; };
		276754581CE90835002C4BC7 /* PlanetCell.swift */ = {isa = PBXFileReference; fileEncoding = 4; lastKnownFileType = sourcecode.swift; path = PlanetCell.swift; sourceTree = "<group>"; };
		2767545A1CE90881002C4BC7 /* PlanetCellType.swift */ = {isa = PBXFileReference; fileEncoding = 4; lastKnownFileType = sourcecode.swift; path = PlanetCellType.swift; sourceTree = "<group>"; };
		2767545C1CE90F1B002C4BC7 /* DetailViewController.swift */ = {isa = PBXFileReference; fileEncoding = 4; lastKnownFileType = sourcecode.swift; path = DetailViewController.swift; sourceTree = "<group>"; };
		279564B01D0493D000953FBF /* datastore.xcdatamodel */ = {isa = PBXFileReference; lastKnownFileType = wrapper.xcdatamodel; path = datastore.xcdatamodel; sourceTree = "<group>"; };
		279564F61D049DC900953FBF /* PlanetEntity+CoreDataProperties.swift */ = {isa = PBXFileReference; fileEncoding = 4; lastKnownFileType = sourcecode.swift; path = "PlanetEntity+CoreDataProperties.swift"; sourceTree = "<group>"; };
		279564F71D049DC900953FBF /* PlanetEntity.swift */ = {isa = PBXFileReference; fileEncoding = 4; lastKnownFileType = sourcecode.swift; path = PlanetEntity.swift; sourceTree = "<group>"; };
		27BE5F651CCF97BE008EB95E /* Planets.app */ = {isa = PBXFileReference; explicitFileType = wrapper.application; includeInIndex = 0; path = Planets.app; sourceTree = BUILT_PRODUCTS_DIR; };
		27BE5F681CCF97BE008EB95E /* AppDelegate.swift */ = {isa = PBXFileReference; lastKnownFileType = sourcecode.swift; path = AppDelegate.swift; sourceTree = "<group>"; };
		27BE5F6A1CCF97BE008EB95E /* ViewController.swift */ = {isa = PBXFileReference; lastKnownFileType = sourcecode.swift; path = ViewController.swift; sourceTree = "<group>"; };
		27BE5F6D1CCF97BE008EB95E /* Base */ = {isa = PBXFileReference; lastKnownFileType = file.storyboard; name = Base; path = Base.lproj/Main.storyboard; sourceTree = "<group>"; };
		27BE5F6F1CCF97BE008EB95E /* Assets.xcassets */ = {isa = PBXFileReference; lastKnownFileType = folder.assetcatalog; path = Assets.xcassets; sourceTree = "<group>"; };
		27BE5F721CCF97BE008EB95E /* Base */ = {isa = PBXFileReference; lastKnownFileType = file.storyboard; name = Base; path = Base.lproj/LaunchScreen.storyboard; sourceTree = "<group>"; };
		27BE5F741CCF97BE008EB95E /* Info.plist */ = {isa = PBXFileReference; lastKnownFileType = text.plist.xml; path = Info.plist; sourceTree = "<group>"; };
		42E68178F6D3E1BC2C464A57 /* Pods-Planets.release.xcconfig */ = {isa = PBXFileReference; includeInIndex = 1; lastKnownFileType = text.xcconfig; name = "Pods-Planets.release.xcconfig"; path = "Pods/Target Support Files/Pods-Planets/Pods-Planets.release.xcconfig"; sourceTree = "<group>"; };
		BE652AF42932F0E26F88BB8E /* Pods_Planets.framework */ = {isa = PBXFileReference; explicitFileType = wrapper.framework; includeInIndex = 0; path = Pods_Planets.framework; sourceTree = BUILT_PRODUCTS_DIR; };
		F960C749A8D2516215F6C8EB /* Pods-Planets.debug.xcconfig */ = {isa = PBXFileReference; includeInIndex = 1; lastKnownFileType = text.xcconfig; name = "Pods-Planets.debug.xcconfig"; path = "Pods/Target Support Files/Pods-Planets/Pods-Planets.debug.xcconfig"; sourceTree = "<group>"; };
/* End PBXFileReference section */

/* Begin PBXFrameworksBuildPhase section */
		27BE5F621CCF97BE008EB95E /* Frameworks */ = {
			isa = PBXFrameworksBuildPhase;
			buildActionMask = 2147483647;
			files = (
				7663E1535654E8278B094722 /* Pods_Planets.framework in Frameworks */,
			);
			runOnlyForDeploymentPostprocessing = 0;
		};
/* End PBXFrameworksBuildPhase section */

/* Begin PBXGroup section */
		276754541CE90311002C4BC7 /* Resources */ = {
			isa = PBXGroup;
			children = (
				2701FCA11CF23F0700885A25 /* planets.json */,
				27BE5F6C1CCF97BE008EB95E /* Main.storyboard */,
				27BE5F6F1CCF97BE008EB95E /* Assets.xcassets */,
				27BE5F711CCF97BE008EB95E /* LaunchScreen.storyboard */,
				27BE5F741CCF97BE008EB95E /* Info.plist */,
				279564AF1D0493D000953FBF /* datastore.xcdatamodeld */,
			);
			name = Resources;
			sourceTree = "<group>";
		};
		276754551CE90322002C4BC7 /* Source */ = {
			isa = PBXGroup;
			children = (
				27BE5F681CCF97BE008EB95E /* AppDelegate.swift */,
				2767545C1CE90F1B002C4BC7 /* DetailViewController.swift */,
				276754561CE9080C002C4BC7 /* FavoritePlanetCell.swift */,
				2701FCA31CF252B100885A25 /* FileManager.swift */,
				276754581CE90835002C4BC7 /* PlanetCell.swift */,
				2767545A1CE90881002C4BC7 /* PlanetCellType.swift */,
				279564F71D049DC900953FBF /* PlanetEntity.swift */,
				279564F61D049DC900953FBF /* PlanetEntity+CoreDataProperties.swift */,
				27BE5F6A1CCF97BE008EB95E /* ViewController.swift */,
			);
			name = Source;
			sourceTree = "<group>";
		};
		27BE5F5C1CCF97BE008EB95E = {
			isa = PBXGroup;
			children = (
				27BE5F671CCF97BE008EB95E /* Planets */,
				27BE5F661CCF97BE008EB95E /* Products */,
				3C7626E66F367EC454EAFA5E /* Pods */,
				FF8944AC07CA8EE28772CDD0 /* Frameworks */,
			);
			sourceTree = "<group>";
		};
		27BE5F661CCF97BE008EB95E /* Products */ = {
			isa = PBXGroup;
			children = (
				27BE5F651CCF97BE008EB95E /* Planets.app */,
			);
			name = Products;
			sourceTree = "<group>";
		};
		27BE5F671CCF97BE008EB95E /* Planets */ = {
			isa = PBXGroup;
			children = (
				276754551CE90322002C4BC7 /* Source */,
				276754541CE90311002C4BC7 /* Resources */,
			);
			path = Planets;
			sourceTree = "<group>";
		};
		3C7626E66F367EC454EAFA5E /* Pods */ = {
			isa = PBXGroup;
			children = (
				F960C749A8D2516215F6C8EB /* Pods-Planets.debug.xcconfig */,
				42E68178F6D3E1BC2C464A57 /* Pods-Planets.release.xcconfig */,
			);
			name = Pods;
			sourceTree = "<group>";
		};
		FF8944AC07CA8EE28772CDD0 /* Frameworks */ = {
			isa = PBXGroup;
			children = (
				BE652AF42932F0E26F88BB8E /* Pods_Planets.framework */,
			);
			name = Frameworks;
			sourceTree = "<group>";
		};
/* End PBXGroup section */

/* Begin PBXNativeTarget section */
		27BE5F641CCF97BE008EB95E /* Planets */ = {
			isa = PBXNativeTarget;
			buildConfigurationList = 27BE5F771CCF97BE008EB95E /* Build configuration list for PBXNativeTarget "Planets" */;
			buildPhases = (
				9690C28D8AEDDB6D9C9AC363 /* [CP] Check Pods Manifest.lock */,
				27BE5F611CCF97BE008EB95E /* Sources */,
				27BE5F621CCF97BE008EB95E /* Frameworks */,
				27BE5F631CCF97BE008EB95E /* Resources */,
				27BE5F7A1CCF9828008EB95E /* Swiftlint */,
				0CA64E44F3D08A532C420642 /* [CP] Embed Pods Frameworks */,
				E2E4440D52155D4B3D758C2D /* [CP] Copy Pods Resources */,
			);
			buildRules = (
			);
			dependencies = (
			);
			name = Planets;
			productName = Planets;
			productReference = 27BE5F651CCF97BE008EB95E /* Planets.app */;
			productType = "com.apple.product-type.application";
		};
/* End PBXNativeTarget section */

/* Begin PBXProject section */
		27BE5F5D1CCF97BE008EB95E /* Project object */ = {
			isa = PBXProject;
			attributes = {
				LastSwiftUpdateCheck = 0720;
				LastUpgradeCheck = 0720;
				ORGANIZATIONNAME = HB;
				TargetAttributes = {
					27BE5F641CCF97BE008EB95E = {
						CreatedOnToolsVersion = 7.2.1;
					};
				};
			};
			buildConfigurationList = 27BE5F601CCF97BE008EB95E /* Build configuration list for PBXProject "Planets" */;
			compatibilityVersion = "Xcode 3.2";
			developmentRegion = English;
			hasScannedForEncodings = 0;
			knownRegions = (
				en,
				Base,
			);
			mainGroup = 27BE5F5C1CCF97BE008EB95E;
			productRefGroup = 27BE5F661CCF97BE008EB95E /* Products */;
			projectDirPath = "";
			projectRoot = "";
			targets = (
				27BE5F641CCF97BE008EB95E /* Planets */,
			);
		};
/* End PBXProject section */

/* Begin PBXResourcesBuildPhase section */
		27BE5F631CCF97BE008EB95E /* Resources */ = {
			isa = PBXResourcesBuildPhase;
			buildActionMask = 2147483647;
			files = (
				27BE5F731CCF97BE008EB95E /* LaunchScreen.storyboard in Resources */,
				27BE5F701CCF97BE008EB95E /* Assets.xcassets in Resources */,
				27BE5F6E1CCF97BE008EB95E /* Main.storyboard in Resources */,
				2701FCA21CF23F0700885A25 /* planets.json in Resources */,
			);
			runOnlyForDeploymentPostprocessing = 0;
		};
/* End PBXResourcesBuildPhase section */

/* Begin PBXShellScriptBuildPhase section */
		0CA64E44F3D08A532C420642 /* [CP] Embed Pods Frameworks */ = {
			isa = PBXShellScriptBuildPhase;
			buildActionMask = 2147483647;
			files = (
			);
			inputPaths = (
			);
			name = "[CP] Embed Pods Frameworks";
			outputPaths = (
			);
			runOnlyForDeploymentPostprocessing = 0;
			shellPath = /bin/sh;
			shellScript = "\"${SRCROOT}/Pods/Target Support Files/Pods-Planets/Pods-Planets-frameworks.sh\"\n";
			showEnvVarsInLog = 0;
		};
		27BE5F7A1CCF9828008EB95E /* Swiftlint */ = {
			isa = PBXShellScriptBuildPhase;
			buildActionMask = 2147483647;
			files = (
			);
			inputPaths = (
			);
			name = Swiftlint;
			outputPaths = (
			);
			runOnlyForDeploymentPostprocessing = 0;
			shellPath = /bin/sh;
			shellScript = "if which swiftlint >/dev/null; then\n  swiftlint\nelse\n  echo \"warning: SwiftLint not installed, download from https://github.com/realm/SwiftLint\"\nfi";
		};
		9690C28D8AEDDB6D9C9AC363 /* [CP] Check Pods Manifest.lock */ = {
			isa = PBXShellScriptBuildPhase;
			buildActionMask = 2147483647;
			files = (
			);
			inputPaths = (
			);
			name = "[CP] Check Pods Manifest.lock";
			outputPaths = (
			);
			runOnlyForDeploymentPostprocessing = 0;
			shellPath = /bin/sh;
			shellScript = "diff \"${PODS_ROOT}/../Podfile.lock\" \"${PODS_ROOT}/Manifest.lock\" > /dev/null\nif [[ $? != 0 ]] ; then\n    cat << EOM\nerror: The sandbox is not in sync with the Podfile.lock. Run 'pod install' or update your CocoaPods installation.\nEOM\n    exit 1\nfi\n";
			showEnvVarsInLog = 0;
		};
		E2E4440D52155D4B3D758C2D /* [CP] Copy Pods Resources */ = {
			isa = PBXShellScriptBuildPhase;
			buildActionMask = 2147483647;
			files = (
			);
			inputPaths = (
			);
			name = "[CP] Copy Pods Resources";
			outputPaths = (
			);
			runOnlyForDeploymentPostprocessing = 0;
			shellPath = /bin/sh;
			shellScript = "\"${SRCROOT}/Pods/Target Support Files/Pods-Planets/Pods-Planets-resources.sh\"\n";
			showEnvVarsInLog = 0;
		};
/* End PBXShellScriptBuildPhase section */

/* Begin PBXSourcesBuildPhase section */
		27BE5F611CCF97BE008EB95E /* Sources */ = {
			isa = PBXSourcesBuildPhase;
			buildActionMask = 2147483647;
			files = (
				279564B11D0493D000953FBF /* datastore.xcdatamodeld in Sources */,
				27BE5F6B1CCF97BE008EB95E /* ViewController.swift in Sources */,
				2767545B1CE90881002C4BC7 /* PlanetCellType.swift in Sources */,
				276754571CE9080C002C4BC7 /* FavoritePlanetCell.swift in Sources */,
				2767545D1CE90F1B002C4BC7 /* DetailViewController.swift in Sources */,
				27BE5F691CCF97BE008EB95E /* AppDelegate.swift in Sources */,
				279564F91D049DC900953FBF /* PlanetEntity.swift in Sources */,
				276754591CE90835002C4BC7 /* PlanetCell.swift in Sources */,
				279564F81D049DC900953FBF /* PlanetEntity+CoreDataProperties.swift in Sources */,
				2701FCA41CF252B100885A25 /* FileManager.swift in Sources */,
			);
			runOnlyForDeploymentPostprocessing = 0;
		};
/* End PBXSourcesBuildPhase section */

/* Begin PBXVariantGroup section */
		27BE5F6C1CCF97BE008EB95E /* Main.storyboard */ = {
			isa = PBXVariantGroup;
			children = (
				27BE5F6D1CCF97BE008EB95E /* Base */,
			);
			name = Main.storyboard;
			sourceTree = "<group>";
		};
		27BE5F711CCF97BE008EB95E /* LaunchScreen.storyboard */ = {
			isa = PBXVariantGroup;
			children = (
				27BE5F721CCF97BE008EB95E /* Base */,
			);
			name = LaunchScreen.storyboard;
			sourceTree = "<group>";
		};
/* End PBXVariantGroup section */

/* Begin XCBuildConfiguration section */
		27BE5F751CCF97BE008EB95E /* Debug */ = {
			isa = XCBuildConfiguration;
			buildSettings = {
				ALWAYS_SEARCH_USER_PATHS = NO;
				CLANG_CXX_LANGUAGE_STANDARD = "gnu++0x";
				CLANG_CXX_LIBRARY = "libc++";
				CLANG_ENABLE_MODULES = YES;
				CLANG_ENABLE_OBJC_ARC = YES;
				CLANG_WARN_BOOL_CONVERSION = YES;
				CLANG_WARN_CONSTANT_CONVERSION = YES;
				CLANG_WARN_DIRECT_OBJC_ISA_USAGE = YES_ERROR;
				CLANG_WARN_EMPTY_BODY = YES;
				CLANG_WARN_ENUM_CONVERSION = YES;
				CLANG_WARN_INT_CONVERSION = YES;
				CLANG_WARN_OBJC_ROOT_CLASS = YES_ERROR;
				CLANG_WARN_UNREACHABLE_CODE = YES;
				CLANG_WARN__DUPLICATE_METHOD_MATCH = YES;
				"CODE_SIGN_IDENTITY[sdk=iphoneos*]" = "iPhone Developer";
				COPY_PHASE_STRIP = NO;
				DEBUG_INFORMATION_FORMAT = dwarf;
				ENABLE_STRICT_OBJC_MSGSEND = YES;
				ENABLE_TESTABILITY = YES;
				GCC_C_LANGUAGE_STANDARD = gnu99;
				GCC_DYNAMIC_NO_PIC = NO;
				GCC_NO_COMMON_BLOCKS = YES;
				GCC_OPTIMIZATION_LEVEL = 0;
				GCC_PREPROCESSOR_DEFINITIONS = (
					"DEBUG=1",
					"$(inherited)",
				);
				GCC_WARN_64_TO_32_BIT_CONVERSION = YES;
				GCC_WARN_ABOUT_RETURN_TYPE = YES_ERROR;
				GCC_WARN_UNDECLARED_SELECTOR = YES;
				GCC_WARN_UNINITIALIZED_AUTOS = YES_AGGRESSIVE;
				GCC_WARN_UNUSED_FUNCTION = YES;
				GCC_WARN_UNUSED_VARIABLE = YES;
				IPHONEOS_DEPLOYMENT_TARGET = 9.2;
				MTL_ENABLE_DEBUG_INFO = YES;
				ONLY_ACTIVE_ARCH = YES;
				SDKROOT = iphoneos;
				SWIFT_OPTIMIZATION_LEVEL = "-Onone";
				TARGETED_DEVICE_FAMILY = "1,2";
			};
			name = Debug;
		};
		27BE5F761CCF97BE008EB95E /* Release */ = {
			isa = XCBuildConfiguration;
			buildSettings = {
				ALWAYS_SEARCH_USER_PATHS = NO;
				CLANG_CXX_LANGUAGE_STANDARD = "gnu++0x";
				CLANG_CXX_LIBRARY = "libc++";
				CLANG_ENABLE_MODULES = YES;
				CLANG_ENABLE_OBJC_ARC = YES;
				CLANG_WARN_BOOL_CONVERSION = YES;
				CLANG_WARN_CONSTANT_CONVERSION = YES;
				CLANG_WARN_DIRECT_OBJC_ISA_USAGE = YES_ERROR;
				CLANG_WARN_EMPTY_BODY = YES;
				CLANG_WARN_ENUM_CONVERSION = YES;
				CLANG_WARN_INT_CONVERSION = YES;
				CLANG_WARN_OBJC_ROOT_CLASS = YES_ERROR;
				CLANG_WARN_UNREACHABLE_CODE = YES;
				CLANG_WARN__DUPLICATE_METHOD_MATCH = YES;
				"CODE_SIGN_IDENTITY[sdk=iphoneos*]" = "iPhone Developer";
				COPY_PHASE_STRIP = NO;
				DEBUG_INFORMATION_FORMAT = "dwarf-with-dsym";
				ENABLE_NS_ASSERTIONS = NO;
				ENABLE_STRICT_OBJC_MSGSEND = YES;
				GCC_C_LANGUAGE_STANDARD = gnu99;
				GCC_NO_COMMON_BLOCKS = YES;
				GCC_WARN_64_TO_32_BIT_CONVERSION = YES;
				GCC_WARN_ABOUT_RETURN_TYPE = YES_ERROR;
				GCC_WARN_UNDECLARED_SELECTOR = YES;
				GCC_WARN_UNINITIALIZED_AUTOS = YES_AGGRESSIVE;
				GCC_WARN_UNUSED_FUNCTION = YES;
				GCC_WARN_UNUSED_VARIABLE = YES;
				IPHONEOS_DEPLOYMENT_TARGET = 9.2;
				MTL_ENABLE_DEBUG_INFO = NO;
				SDKROOT = iphoneos;
				TARGETED_DEVICE_FAMILY = "1,2";
				VALIDATE_PRODUCT = YES;
			};
			name = Release;
		};
		27BE5F781CCF97BE008EB95E /* Debug */ = {
			isa = XCBuildConfiguration;
			baseConfigurationReference = F960C749A8D2516215F6C8EB /* Pods-Planets.debug.xcconfig */;
			buildSettings = {
				ASSETCATALOG_COMPILER_APPICON_NAME = AppIcon;
				INFOPLIST_FILE = Planets/Info.plist;
				LD_RUNPATH_SEARCH_PATHS = "$(inherited) @executable_path/Frameworks";
				PRODUCT_BUNDLE_IDENTIFIER = me.badjian.hadi.Planets;
				PRODUCT_NAME = "$(TARGET_NAME)";
			};
			name = Debug;
		};
		27BE5F791CCF97BE008EB95E /* Release */ = {
			isa = XCBuildConfiguration;
			baseConfigurationReference = 42E68178F6D3E1BC2C464A57 /* Pods-Planets.release.xcconfig */;
			buildSettings = {
				ASSETCATALOG_COMPILER_APPICON_NAME = AppIcon;
				INFOPLIST_FILE = Planets/Info.plist;
				LD_RUNPATH_SEARCH_PATHS = "$(inherited) @executable_path/Frameworks";
				PRODUCT_BUNDLE_IDENTIFIER = me.badjian.hadi.Planets;
				PRODUCT_NAME = "$(TARGET_NAME)";
			};
			name = Release;
		};
/* End XCBuildConfiguration section */

/* Begin XCConfigurationList section */
		27BE5F601CCF97BE008EB95E /* Build configuration list for PBXProject "Planets" */ = {
			isa = XCConfigurationList;
			buildConfigurations = (
				27BE5F751CCF97BE008EB95E /* Debug */,
				27BE5F761CCF97BE008EB95E /* Release */,
			);
			defaultConfigurationIsVisible = 0;
			defaultConfigurationName = Release;
		};
		27BE5F771CCF97BE008EB95E /* Build configuration list for PBXNativeTarget "Planets" */ = {
			isa = XCConfigurationList;
			buildConfigurations = (
				27BE5F781CCF97BE008EB95E /* Debug */,
				27BE5F791CCF97BE008EB95E /* Release */,
			);
			defaultConfigurationIsVisible = 0;
			defaultConfigurationName = Release;
		};
/* End XCConfigurationList section */

/* Begin XCVersionGroup section */
		279564AF1D0493D000953FBF /* datastore.xcdatamodeld */ = {
			isa = XCVersionGroup;
			children = (
				279564B01D0493D000953FBF /* datastore.xcdatamodel */,
			);
			currentVersion = 279564B01D0493D000953FBF /* datastore.xcdatamodel */;
			path = datastore.xcdatamodeld;
			sourceTree = "<group>";
			versionGroupType = wrapper.xcdatamodel;
		};
/* End XCVersionGroup section */
	};
	rootObject = 27BE5F5D1CCF97BE008EB95E /* Project object */;
}
